{
    "version": 3,
    "terraform_version": "0.11.8",
    "serial": 1,
    "lineage": "8c030eb2-2b67-eb72-743f-8b32a607c547",
    "modules": [
        {
            "path": [
                "root"
            ],
            "outputs": {
                "config_map_aws_auth": {
                    "sensitive": false,
                    "type": "string",
                    "value": "\n\napiVersion: v1\nkind: ConfigMap\nmetadata:\n  name: aws-auth\n  namespace: kube-system\ndata:\n  mapRoles: |\n    - rolearn: arn:aws:iam::017565264522:role/terraform-eks-demo-node\n      username: system:node:{{EC2PrivateDNSName}}\n      groups:\n        - system:bootstrappers\n        - system:nodes\n"
                },
                "kubeconfig": {
                    "sensitive": false,
                    "type": "string",
                    "value": "\n\napiVersion: v1\nclusters:\n- cluster:\n    server: https://323F30A2EFBFB7DB621F1D4A597509DB.yl4.us-west-2.eks.amazonaws.com\n    certificate-authority-data: LS0tLS1CRUdJTiBDRVJUSUZJQ0FURS0tLS0tCk1JSUN5RENDQWJDZ0F3SUJBZ0lCQURBTkJna3Foa2lHOXcwQkFRc0ZBREFWTVJNd0VRWURWUVFERXdwcmRXSmwKY201bGRHVnpNQjRYRFRFNE1EZ3lNakV6TlRrME1Gb1hEVEk0TURneE9URXpOVGswTUZvd0ZURVRNQkVHQTFVRQpBeE1LYTNWaVpYSnVaWFJsY3pDQ0FTSXdEUVlKS29aSWh2Y05BUUVCQlFBRGdnRVBBRENDQVFvQ2dnRUJBTlVJCnl5ZXpoVWxCUG5MVkpvcjdVczZCd0NKWFNjNGFvNmlSdDBGbi9rNUhJZjI4ZXFzNDZndXJIcDAzaHpnUjFTSXIKU2pkYUFYQWVKSFhSM25iSEdFdXpFRWtxM0ZodUR6b0VYWis0RlBzSHdIUlpjcFV5U0JVWGNwRmNETXo5a1VjNwpFV29ZM0VsMElZZ2JiN2JCajUrZ3ZKTnRUVVRVNzZYOVNFRmpNQ1B6N3NTRE5nRVp0Y0hiZFg1MjNkVzlVZHZUCk1pMjhEckM5RC9RTERnMjhKTXFnNUlTTnpwQTZtNHpIcngxVGZDTHFBZmpEWmJsRnIzLzRjditYK2RQYkVxVngKT3ZWRXFNVlBDWkVORjZzb0JxelU1ZmlUK3lGUksxTzQ2NGhKTDZXWERjZFVNVzdDTWd6WFF5WklZaFVSeG9HRwpGL1pTOGczaXo4ZHpTM1ZGTWtVQ0F3RUFBYU1qTUNFd0RnWURWUjBQQVFIL0JBUURBZ0trTUE4R0ExVWRFd0VCCi93UUZNQU1CQWY4d0RRWUpLb1pJaHZjTkFRRUxCUUFEZ2dFQkFNWUt0VEE1ODlJTVM0L1VKLzZ6RDdzWFhqa1IKaFNZSGcxU1pVMTliTmRsT043bTRteVpqQnVtMWRSQ1BiaTZHRWJzNnpaMERMeU8zVFR5b2M0M0tneFAxcGNxaAo5TXVBTzJpY3VmV3gvWWxFVy9mb2kweVhkRU1Lb0NhdEh1WnhJSGN1eExieVBEdzBnSUhDaDBHRXR4WUgwdFFRCjZLS3lkektYcisxSC9nRm9RZ1VRV1ljYytqVTZLeGVjOVprSkRxK0Q0TitocGRYSFF2dzNqM2QrOUZUZ1VQQ1EKRFFiZDN6bDgvSXJDMXpmYXM1SkE4VTJ5ZzZrOCtKOHVQc2lmZ1Z3Z1JJZXMxYVdmMFZXMkZRVWptME1KODdHUgp6RFBITGw0K3FkTWxSSjk2Zk5XV28ySjJSb2JRcmUvOHdGM0k3S0tWRThTL2NzUCtCc0EvSU1ESGNiVT0KLS0tLS1FTkQgQ0VSVElGSUNBVEUtLS0tLQo=\n  name: kubernetes\ncontexts:\n- context:\n    cluster: kubernetes\n    user: aws\n  name: aws\ncurrent-context: aws\nkind: Config\npreferences: {}\nusers:\n- name: aws\n  user:\n    exec:\n      apiVersion: client.authentication.k8s.io/v1alpha1\n      command: aws-iam-authenticator\n      args:\n        - \"token\"\n        - \"-i\"\n        - \"terraform-eks-demo\"\n"
                }
            },
            "resources": {
                "aws_autoscaling_group.demo": {
                    "type": "aws_autoscaling_group",
                    "depends_on": [
                        "aws_launch_configuration.demo",
                        "aws_subnet.demo.*"
                    ],
                    "primary": {
                        "id": "terraform-eks-demo",
                        "attributes": {
                            "arn": "arn:aws:autoscaling:us-west-2:017565264522:autoScalingGroup:930b5d73-3a9c-4c9f-9441-a51d6529d305:autoScalingGroupName/terraform-eks-demo",
                            "availability_zones.#": "2",
                            "availability_zones.221770259": "us-west-2b",
                            "availability_zones.2487133097": "us-west-2a",
                            "default_cooldown": "300",
                            "desired_capacity": "2",
                            "enabled_metrics.#": "0",
                            "force_delete": "false",
                            "health_check_grace_period": "300",
                            "health_check_type": "EC2",
                            "id": "terraform-eks-demo",
                            "launch_configuration": "terraform-eks-demo20180822140244043000000007",
                            "launch_template.#": "0",
                            "load_balancers.#": "0",
                            "max_size": "2",
                            "metrics_granularity": "1Minute",
                            "min_size": "1",
                            "name": "terraform-eks-demo",
                            "placement_group": "",
                            "protect_from_scale_in": "false",
                            "service_linked_role_arn": "arn:aws:iam::017565264522:role/aws-service-role/autoscaling.amazonaws.com/AWSServiceRoleForAutoScaling",
                            "suspended_processes.#": "0",
                            "tag.#": "2",
                            "tag.3381877819.key": "kubernetes.io/cluster/terraform-eks-demo",
                            "tag.3381877819.propagate_at_launch": "true",
                            "tag.3381877819.value": "owned",
                            "tag.4079220990.key": "Name",
                            "tag.4079220990.propagate_at_launch": "true",
                            "tag.4079220990.value": "terraform-eks-demo",
                            "target_group_arns.#": "0",
                            "termination_policies.#": "0",
                            "vpc_zone_identifier.#": "2",
                            "vpc_zone_identifier.3404070823": "subnet-09b9ce374d14e7801",
                            "vpc_zone_identifier.526257165": "subnet-099df40e25ba970ed",
                            "wait_for_capacity_timeout": "10m"
                        },
                        "meta": {
                            "e2bfb730-ecaa-11e6-8f88-34363bc7c4c0": {
                                "delete": 600000000000
                            }
                        },
                        "tainted": false
                    },
                    "deposed": [],
                    "provider": "provider.aws"
                },
                "aws_eks_cluster.demo": {
                    "type": "aws_eks_cluster",
                    "depends_on": [
                        "aws_iam_role.demo-cluster",
                        "aws_iam_role_policy_attachment.demo-cluster-AmazonEKSClusterPolicy",
                        "aws_iam_role_policy_attachment.demo-cluster-AmazonEKSServicePolicy",
                        "aws_security_group.demo-cluster",
                        "aws_subnet.demo.*"
                    ],
                    "primary": {
                        "id": "terraform-eks-demo",
                        "attributes": {
                            "arn": "arn:aws:eks:us-west-2:017565264522:cluster/terraform-eks-demo",
                            "certificate_authority.#": "1",
                            "certificate_authority.0.data": "LS0tLS1CRUdJTiBDRVJUSUZJQ0FURS0tLS0tCk1JSUN5RENDQWJDZ0F3SUJBZ0lCQURBTkJna3Foa2lHOXcwQkFRc0ZBREFWTVJNd0VRWURWUVFERXdwcmRXSmwKY201bGRHVnpNQjRYRFRFNE1EZ3lNakV6TlRrME1Gb1hEVEk0TURneE9URXpOVGswTUZvd0ZURVRNQkVHQTFVRQpBeE1LYTNWaVpYSnVaWFJsY3pDQ0FTSXdEUVlKS29aSWh2Y05BUUVCQlFBRGdnRVBBRENDQVFvQ2dnRUJBTlVJCnl5ZXpoVWxCUG5MVkpvcjdVczZCd0NKWFNjNGFvNmlSdDBGbi9rNUhJZjI4ZXFzNDZndXJIcDAzaHpnUjFTSXIKU2pkYUFYQWVKSFhSM25iSEdFdXpFRWtxM0ZodUR6b0VYWis0RlBzSHdIUlpjcFV5U0JVWGNwRmNETXo5a1VjNwpFV29ZM0VsMElZZ2JiN2JCajUrZ3ZKTnRUVVRVNzZYOVNFRmpNQ1B6N3NTRE5nRVp0Y0hiZFg1MjNkVzlVZHZUCk1pMjhEckM5RC9RTERnMjhKTXFnNUlTTnpwQTZtNHpIcngxVGZDTHFBZmpEWmJsRnIzLzRjditYK2RQYkVxVngKT3ZWRXFNVlBDWkVORjZzb0JxelU1ZmlUK3lGUksxTzQ2NGhKTDZXWERjZFVNVzdDTWd6WFF5WklZaFVSeG9HRwpGL1pTOGczaXo4ZHpTM1ZGTWtVQ0F3RUFBYU1qTUNFd0RnWURWUjBQQVFIL0JBUURBZ0trTUE4R0ExVWRFd0VCCi93UUZNQU1CQWY4d0RRWUpLb1pJaHZjTkFRRUxCUUFEZ2dFQkFNWUt0VEE1ODlJTVM0L1VKLzZ6RDdzWFhqa1IKaFNZSGcxU1pVMTliTmRsT043bTRteVpqQnVtMWRSQ1BiaTZHRWJzNnpaMERMeU8zVFR5b2M0M0tneFAxcGNxaAo5TXVBTzJpY3VmV3gvWWxFVy9mb2kweVhkRU1Lb0NhdEh1WnhJSGN1eExieVBEdzBnSUhDaDBHRXR4WUgwdFFRCjZLS3lkektYcisxSC9nRm9RZ1VRV1ljYytqVTZLeGVjOVprSkRxK0Q0TitocGRYSFF2dzNqM2QrOUZUZ1VQQ1EKRFFiZDN6bDgvSXJDMXpmYXM1SkE4VTJ5ZzZrOCtKOHVQc2lmZ1Z3Z1JJZXMxYVdmMFZXMkZRVWptME1KODdHUgp6RFBITGw0K3FkTWxSSjk2Zk5XV28ySjJSb2JRcmUvOHdGM0k3S0tWRThTL2NzUCtCc0EvSU1ESGNiVT0KLS0tLS1FTkQgQ0VSVElGSUNBVEUtLS0tLQo=",
                            "created_at": "2018-08-22 13:52:28 +0000 UTC",
                            "endpoint": "https://323F30A2EFBFB7DB621F1D4A597509DB.yl4.us-west-2.eks.amazonaws.com",
                            "id": "terraform-eks-demo",
                            "name": "terraform-eks-demo",
                            "role_arn": "arn:aws:iam::017565264522:role/terraform-eks-demo-cluster",
                            "version": "1.10",
                            "vpc_config.#": "1",
                            "vpc_config.0.security_group_ids.#": "1",
                            "vpc_config.0.security_group_ids.1877850207": "sg-06d9a696b98209fe7",
                            "vpc_config.0.subnet_ids.#": "2",
                            "vpc_config.0.subnet_ids.497493016": "subnet-099df40e25ba970ed",
                            "vpc_config.0.subnet_ids.728880413": "subnet-09b9ce374d14e7801",
                            "vpc_config.0.vpc_id": "vpc-06567e32d9fbf1f8b"
                        },
                        "meta": {
                            "e2bfb730-ecaa-11e6-8f88-34363bc7c4c0": {
                                "create": 900000000000,
                                "delete": 900000000000
                            }
                        },
                        "tainted": false
                    },
                    "deposed": [],
                    "provider": "provider.aws"
                },
                "aws_iam_instance_profile.demo-node": {
                    "type": "aws_iam_instance_profile",
                    "depends_on": [
                        "aws_iam_role.demo-node"
                    ],
                    "primary": {
                        "id": "terraform-eks-demo",
                        "attributes": {
                            "arn": "arn:aws:iam::017565264522:instance-profile/terraform-eks-demo",
                            "create_date": "2018-08-22T13:52:08Z",
                            "id": "terraform-eks-demo",
                            "name": "terraform-eks-demo",
                            "path": "/",
                            "role": "terraform-eks-demo-node",
                            "roles.#": "0",
                            "unique_id": "AIPAJJ5F4ZDAOT5IGED5G"
                        },
                        "meta": {},
                        "tainted": false
                    },
                    "deposed": [],
                    "provider": "provider.aws"
                },
                "aws_iam_role.demo-cluster": {
                    "type": "aws_iam_role",
                    "depends_on": [],
                    "primary": {
                        "id": "terraform-eks-demo-cluster",
                        "attributes": {
                            "arn": "arn:aws:iam::017565264522:role/terraform-eks-demo-cluster",
                            "assume_role_policy": "{\"Version\":\"2012-10-17\",\"Statement\":[{\"Effect\":\"Allow\",\"Principal\":{\"Service\":\"eks.amazonaws.com\"},\"Action\":\"sts:AssumeRole\"}]}",
                            "create_date": "2018-08-22T13:52:06Z",
                            "description": "",
                            "force_detach_policies": "false",
                            "id": "terraform-eks-demo-cluster",
                            "max_session_duration": "3600",
                            "name": "terraform-eks-demo-cluster",
                            "path": "/",
                            "unique_id": "AROAJ4ZR27MYW2DLVUGVC"
                        },
                        "meta": {},
                        "tainted": false
                    },
                    "deposed": [],
                    "provider": "provider.aws"
                },
                "aws_iam_role.demo-node": {
                    "type": "aws_iam_role",
                    "depends_on": [],
                    "primary": {
                        "id": "terraform-eks-demo-node",
                        "attributes": {
                            "arn": "arn:aws:iam::017565264522:role/terraform-eks-demo-node",
                            "assume_role_policy": "{\"Version\":\"2012-10-17\",\"Statement\":[{\"Effect\":\"Allow\",\"Principal\":{\"Service\":\"ec2.amazonaws.com\"},\"Action\":\"sts:AssumeRole\"}]}",
                            "create_date": "2018-08-22T13:52:07Z",
                            "description": "",
                            "force_detach_policies": "false",
                            "id": "terraform-eks-demo-node",
                            "max_session_duration": "3600",
                            "name": "terraform-eks-demo-node",
                            "path": "/",
                            "unique_id": "AROAJICECWNE2POW7R2MQ"
                        },
                        "meta": {},
                        "tainted": false
                    },
                    "deposed": [],
                    "provider": "provider.aws"
                },
                "aws_iam_role_policy_attachment.demo-cluster-AdministratorAccess": {
                    "type": "aws_iam_role_policy_attachment",
                    "depends_on": [
                        "aws_iam_role.demo-cluster"
                    ],
                    "primary": {
                        "id": "terraform-eks-demo-cluster-20180822135207981600000003",
                        "attributes": {
                            "id": "terraform-eks-demo-cluster-20180822135207981600000003",
                            "policy_arn": "arn:aws:iam::aws:policy/AdministratorAccess",
                            "role": "terraform-eks-demo-cluster"
                        },
                        "meta": {},
                        "tainted": false
                    },
                    "deposed": [],
                    "provider": "provider.aws"
                },
                "aws_iam_role_policy_attachment.demo-cluster-AmazonEKSClusterPolicy": {
                    "type": "aws_iam_role_policy_attachment",
                    "depends_on": [
                        "aws_iam_role.demo-cluster"
                    ],
                    "primary": {
                        "id": "terraform-eks-demo-cluster-20180822135207981500000002",
                        "attributes": {
                            "id": "terraform-eks-demo-cluster-20180822135207981500000002",
                            "policy_arn": "arn:aws:iam::aws:policy/AmazonEKSClusterPolicy",
                            "role": "terraform-eks-demo-cluster"
                        },
                        "meta": {},
                        "tainted": false
                    },
                    "deposed": [],
                    "provider": "provider.aws"
                },
                "aws_iam_role_policy_attachment.demo-cluster-AmazonEKSServicePolicy": {
                    "type": "aws_iam_role_policy_attachment",
                    "depends_on": [
                        "aws_iam_role.demo-cluster"
                    ],
                    "primary": {
                        "id": "terraform-eks-demo-cluster-20180822135207980900000001",
                        "attributes": {
                            "id": "terraform-eks-demo-cluster-20180822135207980900000001",
                            "policy_arn": "arn:aws:iam::aws:policy/AmazonEKSServicePolicy",
                            "role": "terraform-eks-demo-cluster"
                        },
                        "meta": {},
                        "tainted": false
                    },
                    "deposed": [],
                    "provider": "provider.aws"
                },
                "aws_iam_role_policy_attachment.demo-node-AmazonEC2ContainerRegistryReadOnly": {
                    "type": "aws_iam_role_policy_attachment",
                    "depends_on": [
                        "aws_iam_role.demo-node"
                    ],
                    "primary": {
                        "id": "terraform-eks-demo-node-20180822135208514100000006",
                        "attributes": {
                            "id": "terraform-eks-demo-node-20180822135208514100000006",
                            "policy_arn": "arn:aws:iam::aws:policy/AmazonEC2ContainerRegistryReadOnly",
                            "role": "terraform-eks-demo-node"
                        },
                        "meta": {},
                        "tainted": false
                    },
                    "deposed": [],
                    "provider": "provider.aws"
                },
                "aws_iam_role_policy_attachment.demo-node-AmazonEKSWorkerNodePolicy": {
                    "type": "aws_iam_role_policy_attachment",
                    "depends_on": [
                        "aws_iam_role.demo-node"
                    ],
                    "primary": {
                        "id": "terraform-eks-demo-node-20180822135208502200000004",
                        "attributes": {
                            "id": "terraform-eks-demo-node-20180822135208502200000004",
                            "policy_arn": "arn:aws:iam::aws:policy/AmazonEKSWorkerNodePolicy",
                            "role": "terraform-eks-demo-node"
                        },
                        "meta": {},
                        "tainted": false
                    },
                    "deposed": [],
                    "provider": "provider.aws"
                },
                "aws_iam_role_policy_attachment.demo-node-AmazonEKS_CNI_Policy": {
                    "type": "aws_iam_role_policy_attachment",
                    "depends_on": [
                        "aws_iam_role.demo-node"
                    ],
                    "primary": {
                        "id": "terraform-eks-demo-node-20180822135208506200000005",
                        "attributes": {
                            "id": "terraform-eks-demo-node-20180822135208506200000005",
                            "policy_arn": "arn:aws:iam::aws:policy/AmazonEKS_CNI_Policy",
                            "role": "terraform-eks-demo-node"
                        },
                        "meta": {},
                        "tainted": false
                    },
                    "deposed": [],
                    "provider": "provider.aws"
                },
                "aws_internet_gateway.demo": {
                    "type": "aws_internet_gateway",
                    "depends_on": [
                        "aws_vpc.demo"
                    ],
                    "primary": {
                        "id": "igw-02286dde4ef3168d5",
                        "attributes": {
                            "id": "igw-02286dde4ef3168d5",
                            "tags.%": "1",
                            "tags.Name": "terraform-eks-demo",
                            "vpc_id": "vpc-06567e32d9fbf1f8b"
                        },
                        "meta": {},
                        "tainted": false
                    },
                    "deposed": [],
                    "provider": "provider.aws"
                },
                "aws_launch_configuration.demo": {
                    "type": "aws_launch_configuration",
                    "depends_on": [
                        "aws_iam_instance_profile.demo-node",
                        "aws_security_group.demo-node",
                        "data.aws_ami.eks-worker",
                        "local.demo-node-userdata"
                    ],
                    "primary": {
                        "id": "terraform-eks-demo20180822140244043000000007",
                        "attributes": {
                            "associate_public_ip_address": "true",
                            "ebs_block_device.#": "0",
                            "ebs_optimized": "false",
                            "enable_monitoring": "true",
                            "ephemeral_block_device.#": "0",
                            "iam_instance_profile": "terraform-eks-demo",
                            "id": "terraform-eks-demo20180822140244043000000007",
                            "image_id": "ami-02415125ccd555295",
                            "instance_type": "t2.medium",
                            "key_name": "",
                            "name": "terraform-eks-demo20180822140244043000000007",
                            "name_prefix": "terraform-eks-demo",
                            "root_block_device.#": "0",
                            "security_groups.#": "1",
                            "security_groups.2009871259": "sg-01d3ba2f454350a94",
                            "spot_price": "",
                            "user_data_base64": "IyEvYmluL2Jhc2ggLXhlCgpDQV9DRVJUSUZJQ0FURV9ESVJFQ1RPUlk9L2V0Yy9rdWJlcm5ldGVzL3BraQpDQV9DRVJUSUZJQ0FURV9GSUxFX1BBVEg9JENBX0NFUlRJRklDQVRFX0RJUkVDVE9SWS9jYS5jcnQKbWtkaXIgLXAgJENBX0NFUlRJRklDQVRFX0RJUkVDVE9SWQplY2hvICJMUzB0TFMxQ1JVZEpUaUJEUlZKVVNVWkpRMEZVUlMwdExTMHRDazFKU1VONVJFTkRRV0pEWjBGM1NVSkJaMGxDUVVSQlRrSm5hM0ZvYTJsSE9YY3dRa0ZSYzBaQlJFRldUVkpOZDBWUldVUldVVkZFUlhkd2NtUlhTbXdLWTIwMWJHUkhWbnBOUWpSWVJGUkZORTFFWjNsTmFrVjZUbFJyTUUxR2IxaEVWRWswVFVSbmVFOVVSWHBPVkdzd1RVWnZkMFpVUlZSTlFrVkhRVEZWUlFwQmVFMUxZVE5XYVZwWVNuVmFXRkpzWTNwRFEwRlRTWGRFVVZsS1MyOWFTV2gyWTA1QlVVVkNRbEZCUkdkblJWQkJSRU5EUVZGdlEyZG5SVUpCVGxWSkNubDVaWHBvVld4Q1VHNU1Wa3B2Y2pkVmN6WkNkME5LV0ZOak5HRnZObWxTZERCR2JpOXJOVWhKWmpJNFpYRnpORFpuZFhKSWNEQXphSHBuVWpGVFNYSUtVMnBrWVVGWVFXVktTRmhTTTI1aVNFZEZkWHBGUld0eE0wWm9kVVI2YjBWWVdpczBSbEJ6U0hkSVVscGpjRlY1VTBKVldHTndSbU5FVFhvNWExVmpOd3BGVjI5Wk0wVnNNRWxaWjJKaU4ySkNhalVyWjNaS1RuUlVWVlJWTnpaWU9WTkZSbXBOUTFCNk4zTlRSRTVuUlZwMFkwaGlaRmcxTWpOa1Z6bFZaSFpVQ2sxcE1qaEVja001UkM5UlRFUm5NamhLVFhGbk5VbFRUbnB3UVRadE5IcEljbmd4VkdaRFRIRkJabXBFV21Kc1JuSXpMelJqZGl0WUsyUlFZa1Z4Vm5nS1QzWldSWEZOVmxCRFdrVk9Salp6YjBKeGVsVTFabWxVSzNsR1Vrc3hUelEyTkdoS1REWlhXRVJqWkZWTlZ6ZERUV2Q2V0ZGNVdrbFphRlZTZUc5SFJ3cEdMMXBUT0djemFYbzRaSHBUTTFaR1RXdFZRMEYzUlVGQllVMXFUVU5GZDBSbldVUldVakJRUVZGSUwwSkJVVVJCWjB0clRVRTRSMEV4VldSRmQwVkNDaTkzVVVaTlFVMUNRV1k0ZDBSUldVcExiMXBKYUhaalRrRlJSVXhDVVVGRVoyZEZRa0ZOV1V0MFZFRTFPRGxKVFZNMEwxVktMelo2UkRkeldGaHFhMUlLYUZOWlNHY3hVMXBWTVRsaVRtUnNUMDQzYlRSdGVWcHFRblZ0TVdSU1ExQmlhVFpIUldKek5ucGFNRVJNZVU4elZGUjViMk0wTTB0bmVGQXhjR054YUFvNVRYVkJUekpwWTNWbVYzZ3ZXV3hGVnk5bWIya3dlVmhrUlUxTGIwTmhkRWgxV25oSlNHTjFlRXhpZVZCRWR6Qm5TVWhEYURCSFJYUjRXVWd3ZEZGUkNqWkxTM2xrZWt0WWNpc3hTQzluUm05UloxVlJWMWxqWXl0cVZUWkxlR1ZqT1ZwclNrUnhLMFEwVGl0b2NHUllTRkYyZHpOcU0yUXJPVVpVWjFWUVExRUtSRkZpWkRONmJEZ3ZTWEpETVhwbVlYTTFTa0U0VlRKNVp6WnJPQ3RLT0hWUWMybG1aMVozWjFKSlpYTXhZVmRtTUZaWE1rWlJWV3B0TUUxS09EZEhVZ3A2UkZCSVRHdzBLM0ZrVFd4U1NqazJaazVYVjI4eVNqSlNiMkpSY21Vdk9IZEdNMGszUzB0V1JUaFRMMk56VUN0Q2MwRXZTVTFFU0dOaVZUMEtMUzB0TFMxRlRrUWdRMFZTVkVsR1NVTkJWRVV0TFMwdExRbz0iIHwgYmFzZTY0IC1kID4gICRDQV9DRVJUSUZJQ0FURV9GSUxFX1BBVEgKSU5URVJOQUxfSVA9JChjdXJsIC1zIGh0dHA6Ly8xNjkuMjU0LjE2OS4yNTQvbGF0ZXN0L21ldGEtZGF0YS9sb2NhbC1pcHY0KQpzZWQgLWkgcyxNQVNURVJfRU5EUE9JTlQsaHR0cHM6Ly8zMjNGMzBBMkVGQkZCN0RCNjIxRjFENEE1OTc1MDlEQi55bDQudXMtd2VzdC0yLmVrcy5hbWF6b25hd3MuY29tLGcgL3Zhci9saWIva3ViZWxldC9rdWJlY29uZmlnCnNlZCAtaSBzLENMVVNURVJfTkFNRSx0ZXJyYWZvcm0tZWtzLWRlbW8sZyAvdmFyL2xpYi9rdWJlbGV0L2t1YmVjb25maWcKc2VkIC1pIHMsUkVHSU9OLHVzLXdlc3QtMixnIC9ldGMvc3lzdGVtZC9zeXN0ZW0va3ViZWxldC5zZXJ2aWNlCnNlZCAtaSBzLE1BWF9QT0RTLDIwLGcgL2V0Yy9zeXN0ZW1kL3N5c3RlbS9rdWJlbGV0LnNlcnZpY2UKc2VkIC1pIHMsTUFTVEVSX0VORFBPSU5ULGh0dHBzOi8vMzIzRjMwQTJFRkJGQjdEQjYyMUYxRDRBNTk3NTA5REIueWw0LnVzLXdlc3QtMi5la3MuYW1hem9uYXdzLmNvbSxnIC9ldGMvc3lzdGVtZC9zeXN0ZW0va3ViZWxldC5zZXJ2aWNlCnNlZCAtaSBzLElOVEVSTkFMX0lQLCRJTlRFUk5BTF9JUCxnIC9ldGMvc3lzdGVtZC9zeXN0ZW0va3ViZWxldC5zZXJ2aWNlCkROU19DTFVTVEVSX0lQPTEwLjEwMC4wLjEwCmlmIFtbICRJTlRFUk5BTF9JUCA9PSAxMC4qIF1dIDsgdGhlbiBETlNfQ0xVU1RFUl9JUD0xNzIuMjAuMC4xMDsgZmkKc2VkIC1pIHMsRE5TX0NMVVNURVJfSVAsJEROU19DTFVTVEVSX0lQLGcgL2V0Yy9zeXN0ZW1kL3N5c3RlbS9rdWJlbGV0LnNlcnZpY2UKc2VkIC1pIHMsQ0VSVElGSUNBVEVfQVVUSE9SSVRZX0ZJTEUsJENBX0NFUlRJRklDQVRFX0ZJTEVfUEFUSCxnIC92YXIvbGliL2t1YmVsZXQva3ViZWNvbmZpZwpzZWQgLWkgcyxDTElFTlRfQ0FfRklMRSwkQ0FfQ0VSVElGSUNBVEVfRklMRV9QQVRILGcgIC9ldGMvc3lzdGVtZC9zeXN0ZW0va3ViZWxldC5zZXJ2aWNlCnN5c3RlbWN0bCBkYWVtb24tcmVsb2FkCnN5c3RlbWN0bCByZXN0YXJ0IGt1YmVsZXQK",
                            "vpc_classic_link_id": "",
                            "vpc_classic_link_security_groups.#": "0"
                        },
                        "meta": {},
                        "tainted": false
                    },
                    "deposed": [],
                    "provider": "provider.aws"
                },
                "aws_route_table.demo": {
                    "type": "aws_route_table",
                    "depends_on": [
                        "aws_internet_gateway.demo",
                        "aws_vpc.demo"
                    ],
                    "primary": {
                        "id": "rtb-0cbaea45b923462d9",
                        "attributes": {
                            "id": "rtb-0cbaea45b923462d9",
                            "propagating_vgws.#": "0",
                            "route.#": "1",
                            "route.2782259316.cidr_block": "0.0.0.0/0",
                            "route.2782259316.egress_only_gateway_id": "",
                            "route.2782259316.gateway_id": "igw-02286dde4ef3168d5",
                            "route.2782259316.instance_id": "",
                            "route.2782259316.ipv6_cidr_block": "",
                            "route.2782259316.nat_gateway_id": "",
                            "route.2782259316.network_interface_id": "",
                            "route.2782259316.vpc_peering_connection_id": "",
                            "tags.%": "0",
                            "vpc_id": "vpc-06567e32d9fbf1f8b"
                        },
                        "meta": {},
                        "tainted": false
                    },
                    "deposed": [],
                    "provider": "provider.aws"
                },
                "aws_route_table_association.demo.0": {
                    "type": "aws_route_table_association",
                    "depends_on": [
                        "aws_route_table.demo",
                        "aws_subnet.demo.*"
                    ],
                    "primary": {
                        "id": "rtbassoc-0ca410c356554832b",
                        "attributes": {
                            "id": "rtbassoc-0ca410c356554832b",
                            "route_table_id": "rtb-0cbaea45b923462d9",
                            "subnet_id": "subnet-099df40e25ba970ed"
                        },
                        "meta": {},
                        "tainted": false
                    },
                    "deposed": [],
                    "provider": "provider.aws"
                },
                "aws_route_table_association.demo.1": {
                    "type": "aws_route_table_association",
                    "depends_on": [
                        "aws_route_table.demo",
                        "aws_subnet.demo.*"
                    ],
                    "primary": {
                        "id": "rtbassoc-0ef84cc9c89ab0100",
                        "attributes": {
                            "id": "rtbassoc-0ef84cc9c89ab0100",
                            "route_table_id": "rtb-0cbaea45b923462d9",
                            "subnet_id": "subnet-09b9ce374d14e7801"
                        },
                        "meta": {},
                        "tainted": false
                    },
                    "deposed": [],
                    "provider": "provider.aws"
                },
                "aws_security_group.demo-cluster": {
                    "type": "aws_security_group",
                    "depends_on": [
                        "aws_vpc.demo"
                    ],
                    "primary": {
                        "id": "sg-06d9a696b98209fe7",
                        "attributes": {
                            "arn": "arn:aws:ec2:us-west-2:017565264522:security-group/sg-06d9a696b98209fe7",
                            "description": "Cluster communication with worker nodes",
                            "egress.#": "1",
                            "egress.482069346.cidr_blocks.#": "1",
                            "egress.482069346.cidr_blocks.0": "0.0.0.0/0",
                            "egress.482069346.description": "",
                            "egress.482069346.from_port": "0",
                            "egress.482069346.ipv6_cidr_blocks.#": "0",
                            "egress.482069346.prefix_list_ids.#": "0",
                            "egress.482069346.protocol": "-1",
                            "egress.482069346.security_groups.#": "0",
                            "egress.482069346.self": "false",
                            "egress.482069346.to_port": "0",
                            "id": "sg-06d9a696b98209fe7",
                            "ingress.#": "0",
                            "name": "terraform-eks-demo-cluster",
                            "owner_id": "017565264522",
                            "revoke_rules_on_delete": "false",
                            "tags.%": "1",
                            "tags.Name": "terraform-eks-demo",
                            "vpc_id": "vpc-06567e32d9fbf1f8b"
                        },
                        "meta": {
                            "e2bfb730-ecaa-11e6-8f88-34363bc7c4c0": {
                                "create": 600000000000,
                                "delete": 600000000000
                            },
                            "schema_version": "1"
                        },
                        "tainted": false
                    },
                    "deposed": [],
                    "provider": "provider.aws"
                },
                "aws_security_group.demo-node": {
                    "type": "aws_security_group",
                    "depends_on": [
                        "aws_vpc.demo"
                    ],
                    "primary": {
                        "id": "sg-01d3ba2f454350a94",
                        "attributes": {
                            "arn": "arn:aws:ec2:us-west-2:017565264522:security-group/sg-01d3ba2f454350a94",
                            "description": "Security group for all nodes in the cluster",
                            "egress.#": "1",
                            "egress.482069346.cidr_blocks.#": "1",
                            "egress.482069346.cidr_blocks.0": "0.0.0.0/0",
                            "egress.482069346.description": "",
                            "egress.482069346.from_port": "0",
                            "egress.482069346.ipv6_cidr_blocks.#": "0",
                            "egress.482069346.prefix_list_ids.#": "0",
                            "egress.482069346.protocol": "-1",
                            "egress.482069346.security_groups.#": "0",
                            "egress.482069346.self": "false",
                            "egress.482069346.to_port": "0",
                            "id": "sg-01d3ba2f454350a94",
                            "ingress.#": "0",
                            "name": "terraform-eks-demo-node",
                            "owner_id": "017565264522",
                            "revoke_rules_on_delete": "false",
                            "tags.%": "2",
                            "tags.Name": "terraform-eks-demo-node",
                            "tags.kubernetes.io/cluster/terraform-eks-demo": "owned",
                            "vpc_id": "vpc-06567e32d9fbf1f8b"
                        },
                        "meta": {
                            "e2bfb730-ecaa-11e6-8f88-34363bc7c4c0": {
                                "create": 600000000000,
                                "delete": 600000000000
                            },
                            "schema_version": "1"
                        },
                        "tainted": false
                    },
                    "deposed": [],
                    "provider": "provider.aws"
                },
                "aws_security_group_rule.demo-cluster-ingress-node-https": {
                    "type": "aws_security_group_rule",
                    "depends_on": [
                        "aws_security_group.demo-cluster",
                        "aws_security_group.demo-node"
                    ],
                    "primary": {
                        "id": "sgrule-4203352499",
                        "attributes": {
                            "description": "Allow pods to communicate with the cluster API Server",
                            "from_port": "443",
                            "id": "sgrule-4203352499",
                            "protocol": "tcp",
                            "security_group_id": "sg-06d9a696b98209fe7",
                            "self": "false",
                            "source_security_group_id": "sg-01d3ba2f454350a94",
                            "to_port": "443",
                            "type": "ingress"
                        },
                        "meta": {
                            "schema_version": "2"
                        },
                        "tainted": false
                    },
                    "deposed": [],
                    "provider": "provider.aws"
                },
                "aws_security_group_rule.demo-cluster-ingress-workstation-https": {
                    "type": "aws_security_group_rule",
                    "depends_on": [
                        "aws_security_group.demo-cluster",
                        "local.workstation-external-cidr"
                    ],
                    "primary": {
                        "id": "sgrule-537337327",
                        "attributes": {
                            "cidr_blocks.#": "1",
                            "cidr_blocks.0": "195.50.84.65/32",
                            "description": "Allow workstation to communicate with the cluster API Server",
                            "from_port": "443",
                            "id": "sgrule-537337327",
                            "protocol": "tcp",
                            "security_group_id": "sg-06d9a696b98209fe7",
                            "self": "false",
                            "to_port": "443",
                            "type": "ingress"
                        },
                        "meta": {
                            "schema_version": "2"
                        },
                        "tainted": false
                    },
                    "deposed": [],
                    "provider": "provider.aws"
                },
                "aws_security_group_rule.demo-node-ingress-cluster": {
                    "type": "aws_security_group_rule",
                    "depends_on": [
                        "aws_security_group.demo-cluster",
                        "aws_security_group.demo-node"
                    ],
                    "primary": {
                        "id": "sgrule-2925859932",
                        "attributes": {
                            "description": "Allow worker Kubelets and pods to receive communication from the cluster control plane",
                            "from_port": "1025",
                            "id": "sgrule-2925859932",
                            "protocol": "tcp",
                            "security_group_id": "sg-01d3ba2f454350a94",
                            "self": "false",
                            "source_security_group_id": "sg-06d9a696b98209fe7",
                            "to_port": "65535",
                            "type": "ingress"
                        },
                        "meta": {
                            "schema_version": "2"
                        },
                        "tainted": false
                    },
                    "deposed": [],
                    "provider": "provider.aws"
                },
                "aws_security_group_rule.demo-node-ingress-self": {
                    "type": "aws_security_group_rule",
                    "depends_on": [
                        "aws_security_group.demo-node"
                    ],
                    "primary": {
                        "id": "sgrule-1260966919",
                        "attributes": {
                            "description": "Allow node to communicate with each other",
                            "from_port": "0",
                            "id": "sgrule-1260966919",
                            "protocol": "-1",
                            "security_group_id": "sg-01d3ba2f454350a94",
                            "self": "false",
                            "source_security_group_id": "sg-01d3ba2f454350a94",
                            "to_port": "65535",
                            "type": "ingress"
                        },
                        "meta": {
                            "schema_version": "2"
                        },
                        "tainted": false
                    },
                    "deposed": [],
                    "provider": "provider.aws"
                },
                "aws_subnet.demo.0": {
                    "type": "aws_subnet",
                    "depends_on": [
                        "aws_vpc.demo",
                        "data.aws_availability_zones.available"
                    ],
                    "primary": {
                        "id": "subnet-099df40e25ba970ed",
                        "attributes": {
                            "arn": "arn:aws:ec2:us-west-2:017565264522:subnet/subnet-099df40e25ba970ed",
                            "assign_ipv6_address_on_creation": "false",
                            "availability_zone": "us-west-2a",
                            "cidr_block": "10.0.0.0/24",
                            "id": "subnet-099df40e25ba970ed",
                            "map_public_ip_on_launch": "false",
                            "tags.%": "2",
                            "tags.Name": "terraform-eks-demo-node",
                            "tags.kubernetes.io/cluster/terraform-eks-demo": "shared",
                            "vpc_id": "vpc-06567e32d9fbf1f8b"
                        },
                        "meta": {
                            "schema_version": "1"
                        },
                        "tainted": false
                    },
                    "deposed": [],
                    "provider": "provider.aws"
                },
                "aws_subnet.demo.1": {
                    "type": "aws_subnet",
                    "depends_on": [
                        "aws_vpc.demo",
                        "data.aws_availability_zones.available"
                    ],
                    "primary": {
                        "id": "subnet-09b9ce374d14e7801",
                        "attributes": {
                            "arn": "arn:aws:ec2:us-west-2:017565264522:subnet/subnet-09b9ce374d14e7801",
                            "assign_ipv6_address_on_creation": "false",
                            "availability_zone": "us-west-2b",
                            "cidr_block": "10.0.1.0/24",
                            "id": "subnet-09b9ce374d14e7801",
                            "map_public_ip_on_launch": "false",
                            "tags.%": "2",
                            "tags.Name": "terraform-eks-demo-node",
                            "tags.kubernetes.io/cluster/terraform-eks-demo": "shared",
                            "vpc_id": "vpc-06567e32d9fbf1f8b"
                        },
                        "meta": {
                            "schema_version": "1"
                        },
                        "tainted": false
                    },
                    "deposed": [],
                    "provider": "provider.aws"
                },
                "aws_vpc.demo": {
                    "type": "aws_vpc",
                    "depends_on": [],
                    "primary": {
                        "id": "vpc-06567e32d9fbf1f8b",
                        "attributes": {
                            "arn": "arn:aws:ec2:us-west-2:017565264522:vpc/vpc-06567e32d9fbf1f8b",
                            "assign_generated_ipv6_cidr_block": "false",
                            "cidr_block": "10.0.0.0/16",
                            "default_network_acl_id": "acl-0532fb9b3e4d320de",
                            "default_route_table_id": "rtb-084d87d7923c81e17",
                            "default_security_group_id": "sg-0b89f8389d8d1f95d",
                            "dhcp_options_id": "dopt-01c93579",
                            "enable_classiclink": "false",
                            "enable_classiclink_dns_support": "false",
                            "enable_dns_hostnames": "false",
                            "enable_dns_support": "true",
                            "id": "vpc-06567e32d9fbf1f8b",
                            "instance_tenancy": "default",
                            "main_route_table_id": "rtb-084d87d7923c81e17",
                            "tags.%": "2",
                            "tags.Name": "terraform-eks-demo-node",
                            "tags.kubernetes.io/cluster/terraform-eks-demo": "shared"
                        },
                        "meta": {
                            "schema_version": "1"
                        },
                        "tainted": false
                    },
                    "deposed": [],
                    "provider": "provider.aws"
                },
                "data.aws_ami.eks-worker": {
                    "type": "aws_ami",
                    "depends_on": [],
                    "primary": {
                        "id": "ami-02415125ccd555295",
                        "attributes": {
                            "architecture": "x86_64",
                            "block_device_mappings.#": "1",
                            "block_device_mappings.3798922657.device_name": "/dev/xvda",
                            "block_device_mappings.3798922657.ebs.%": "6",
                            "block_device_mappings.3798922657.ebs.delete_on_termination": "true",
                            "block_device_mappings.3798922657.ebs.encrypted": "false",
                            "block_device_mappings.3798922657.ebs.iops": "0",
                            "block_device_mappings.3798922657.ebs.snapshot_id": "snap-0debdf4e2b627dffa",
                            "block_device_mappings.3798922657.ebs.volume_size": "20",
                            "block_device_mappings.3798922657.ebs.volume_type": "gp2",
                            "block_device_mappings.3798922657.no_device": "",
                            "block_device_mappings.3798922657.virtual_name": "",
                            "creation_date": "2018-08-14T21:02:37.000Z",
                            "description": "EKS Kubernetes Worker AMI with AmazonLinux2 image",
                            "filter.#": "1",
                            "filter.2070637487.name": "name",
                            "filter.2070637487.values.#": "1",
                            "filter.2070637487.values.0": "eks-worker-*",
                            "hypervisor": "xen",
                            "id": "ami-02415125ccd555295",
                            "image_id": "ami-02415125ccd555295",
                            "image_location": "602401143452/eks-worker-v22",
                            "image_type": "machine",
                            "most_recent": "true",
                            "name": "eks-worker-v22",
                            "owner_id": "602401143452",
                            "owners.#": "1",
                            "owners.0": "602401143452",
                            "product_codes.#": "0",
                            "public": "true",
                            "root_device_name": "/dev/xvda",
                            "root_device_type": "ebs",
                            "root_snapshot_id": "snap-0debdf4e2b627dffa",
                            "sriov_net_support": "simple",
                            "state": "available",
                            "state_reason.%": "2",
                            "state_reason.code": "UNSET",
                            "state_reason.message": "UNSET",
                            "tags.%": "0",
                            "virtualization_type": "hvm"
                        },
                        "meta": {},
                        "tainted": false
                    },
                    "deposed": [],
                    "provider": "provider.aws"
                },
                "data.aws_availability_zones.available": {
                    "type": "aws_availability_zones",
                    "depends_on": [],
                    "primary": {
                        "id": "2018-08-22 13:52:00.314608464 +0000 UTC",
                        "attributes": {
                            "id": "2018-08-22 13:52:00.314608464 +0000 UTC",
                            "names.#": "3",
                            "names.0": "us-west-2a",
                            "names.1": "us-west-2b",
                            "names.2": "us-west-2c"
                        },
                        "meta": {},
                        "tainted": false
                    },
                    "deposed": [],
                    "provider": "provider.aws"
                },
                "data.aws_region.current": {
                    "type": "aws_region",
                    "depends_on": [],
                    "primary": {
                        "id": "us-west-2",
                        "attributes": {
                            "current": "true",
                            "description": "US West (Oregon)",
                            "endpoint": "ec2.us-west-2.amazonaws.com",
                            "id": "us-west-2",
                            "name": "us-west-2"
                        },
                        "meta": {},
                        "tainted": false
                    },
                    "deposed": [],
                    "provider": "provider.aws"
                },
                "data.http.workstation-external-ip": {
                    "type": "http",
                    "depends_on": [],
                    "primary": {
                        "id": "2018-08-22 13:51:57.745262 +0000 UTC",
                        "attributes": {
                            "body": "195.50.84.65\n",
                            "id": "2018-08-22 13:51:57.745262 +0000 UTC",
                            "url": "http://ipv4.icanhazip.com"
                        },
                        "meta": {},
                        "tainted": false
                    },
                    "deposed": [],
                    "provider": "provider.http"
                }
            },
            "depends_on": []
        }
    ]
}
